PODS:
  - Flutter (1.0.0)
  - flutter_idensic_mobile_sdk_plugin (1.23.0):
    - Flutter
    - IdensicMobileSDK (= 1.23.0)
    - IdensicMobileSDK/MRTDReader (= 1.23.0)
    - IdensicMobileSDK/VideoIdent (= 1.23.0)
  - IdensicMobileSDK (1.23.0):
    - IdensicMobileSDK/Default (= 1.23.0)
  - IdensicMobileSDK/Core (1.23.0)
  - IdensicMobileSDK/Default (1.23.0):
    - IdensicMobileSDK/Core
  - IdensicMobileSDK/MRTDReader (1.23.0):
    - IdensicMobileSDK/MRTDReader-latest
  - IdensicMobileSDK/MRTDReader-latest (1.23.0):
    - IdensicMobileSDK/Core
    - OpenSSL-Universal
  - IdensicMobileSDK/VideoIdent (1.23.0):
    - IdensicMobileSDK/VideoIdent-compat
  - IdensicMobileSDK/VideoIdent-compat (1.23.0):
    - IdensicMobileSDK/Core
    - TwilioVideo (~> 4)
  - OpenSSL-Universal (1.1.1900)
  - TwilioVideo (4.6.3)

DEPENDENCIES:
  - Flutter (from `Flutter`)
  - flutter_idensic_mobile_sdk_plugin (from `.symlinks/plugins/flutter_idensic_mobile_sdk_plugin/ios`)

SPEC REPOS:
  https://github.com/SumSubstance/Specs.git:
    - IdensicMobileSDK
  trunk:
    - OpenSSL-Universal
    - TwilioVideo

EXTERNAL SOURCES:
  Flutter:
    :path: Flutter
  flutter_idensic_mobile_sdk_plugin:
    :path: ".symlinks/plugins/flutter_idensic_mobile_sdk_plugin/ios"

SPEC CHECKSUMS:
  Flutter: 50d75fe2f02b26cc09d224853bb45737f8b3214a
  flutter_idensic_mobile_sdk_plugin: a52984d6b82ce25a7d77cc1dbfbeb2278dd10a7f
  IdensicMobileSDK: 6270bcb02c9e85fa0b73f85e1135a99cb5959d87
  OpenSSL-Universal: 84efb8a29841f2764ac5403e0c4119a28b713346
  TwilioVideo: 4afaac028c5886f2f3b313a9fcc146a6b7ca34e2

PODFILE CHECKSUM: b2d85c9ebe686a8ec90ed412de04dcf518371844

COCOAPODS: 1.11.3
